
Microsoft Visual Studio Solution File, Format Version 12.00
# Visual Studio 15
VisualStudioVersion = 15.0.27703.2047
MinimumVisualStudioVersion = 10.0.40219.1
Project("{2150E333-8FDC-42A3-9474-1A3956D46DE8}") = "Service", "Service", "{1020E2E6-E5CA-4E57-8FEE-C4C75B38243C}"
EndProject
Project("{2150E333-8FDC-42A3-9474-1A3956D46DE8}") = "Repository", "Repository", "{947399F9-1D17-4E3C-8BC0-3D86DF73FD1F}"
EndProject
Project("{2150E333-8FDC-42A3-9474-1A3956D46DE8}") = "Entity", "Entity", "{0F2D6A8F-9285-46AC-A9C2-6B73EB5C37F5}"
EndProject
Project("{2150E333-8FDC-42A3-9474-1A3956D46DE8}") = "Infrastructure", "Infrastructure", "{D96C69E9-1B0C-49F3-AFCA-B47B7697EFB0}"
EndProject
Project("{2150E333-8FDC-42A3-9474-1A3956D46DE8}") = "WebApi", "WebApi", "{B89FDB6C-827C-4254-A9D0-67B63927D1FF}"
EndProject
Project("{9A19103F-16F7-4668-BE54-9A1E7A4F7556}") = "Hqs.AuthServer", "WebApi\Hqs.AuthServer\Hqs.AuthServer.csproj", "{6366697E-063B-47EC-8450-7AF4E751AFE1}"
EndProject
Project("{9A19103F-16F7-4668-BE54-9A1E7A4F7556}") = "Hqs.IService", "Service\Hqs.IService\Hqs.IService.csproj", "{ECE982D8-A445-466A-805B-952715E5947F}"
EndProject
Project("{9A19103F-16F7-4668-BE54-9A1E7A4F7556}") = "Hqs.IRepository", "Repository\Hqs.IRepository\Hqs.IRepository.csproj", "{14BAC9FD-4937-42B2-9A11-F777858EBDDA}"
EndProject
Project("{9A19103F-16F7-4668-BE54-9A1E7A4F7556}") = "IdentityServer4.Dapper", "Infrastructure\IdentityServer4.Dapper\IdentityServer4.Dapper.csproj", "{E4AB6D09-8102-412D-9DBD-ACFCE49BD031}"
EndProject
Project("{9A19103F-16F7-4668-BE54-9A1E7A4F7556}") = "Hqs.Model", "Entity\Hqs.Model\Hqs.Model.csproj", "{F5826763-0163-41BA-8DC9-520431AF7C3F}"
EndProject
Project("{9A19103F-16F7-4668-BE54-9A1E7A4F7556}") = "Hqs.Dto", "Entity\Hqs.Dto\Hqs.Dto.csproj", "{50FE9543-8F4E-4112-A24B-3D70297777D3}"
EndProject
Project("{9A19103F-16F7-4668-BE54-9A1E7A4F7556}") = "Hqs.Repository.SqlServer", "Repository\Hqs.Repository.SqlServer\Hqs.Repository.SqlServer.csproj", "{C6BC21CC-878B-4864-82DC-D59DA4ACC35D}"
EndProject
Project("{9A19103F-16F7-4668-BE54-9A1E7A4F7556}") = "Hqs.Service", "Service\Hqs.Service\Hqs.Service.csproj", "{70D61035-3148-44DF-846A-85A88DE4A8C7}"
EndProject
Project("{9A19103F-16F7-4668-BE54-9A1E7A4F7556}") = "Hqs.Repository.MySql", "Repository\Hqs.Repository.MySql\Hqs.Repository.MySql.csproj", "{E18A1CF4-C47E-46B4-8FB9-CF34AA8C0035}"
EndProject
Global
	GlobalSection(SolutionConfigurationPlatforms) = preSolution
		Debug|Any CPU = Debug|Any CPU
		Release|Any CPU = Release|Any CPU
	EndGlobalSection
	GlobalSection(ProjectConfigurationPlatforms) = postSolution
		{6366697E-063B-47EC-8450-7AF4E751AFE1}.Debug|Any CPU.ActiveCfg = Debug|Any CPU
		{6366697E-063B-47EC-8450-7AF4E751AFE1}.Debug|Any CPU.Build.0 = Debug|Any CPU
		{6366697E-063B-47EC-8450-7AF4E751AFE1}.Release|Any CPU.ActiveCfg = Release|Any CPU
		{6366697E-063B-47EC-8450-7AF4E751AFE1}.Release|Any CPU.Build.0 = Release|Any CPU
		{ECE982D8-A445-466A-805B-952715E5947F}.Debug|Any CPU.ActiveCfg = Debug|Any CPU
		{ECE982D8-A445-466A-805B-952715E5947F}.Debug|Any CPU.Build.0 = Debug|Any CPU
		{ECE982D8-A445-466A-805B-952715E5947F}.Release|Any CPU.ActiveCfg = Release|Any CPU
		{ECE982D8-A445-466A-805B-952715E5947F}.Release|Any CPU.Build.0 = Release|Any CPU
		{14BAC9FD-4937-42B2-9A11-F777858EBDDA}.Debug|Any CPU.ActiveCfg = Debug|Any CPU
		{14BAC9FD-4937-42B2-9A11-F777858EBDDA}.Debug|Any CPU.Build.0 = Debug|Any CPU
		{14BAC9FD-4937-42B2-9A11-F777858EBDDA}.Release|Any CPU.ActiveCfg = Release|Any CPU
		{14BAC9FD-4937-42B2-9A11-F777858EBDDA}.Release|Any CPU.Build.0 = Release|Any CPU
		{E4AB6D09-8102-412D-9DBD-ACFCE49BD031}.Debug|Any CPU.ActiveCfg = Debug|Any CPU
		{E4AB6D09-8102-412D-9DBD-ACFCE49BD031}.Debug|Any CPU.Build.0 = Debug|Any CPU
		{E4AB6D09-8102-412D-9DBD-ACFCE49BD031}.Release|Any CPU.ActiveCfg = Release|Any CPU
		{E4AB6D09-8102-412D-9DBD-ACFCE49BD031}.Release|Any CPU.Build.0 = Release|Any CPU
		{F5826763-0163-41BA-8DC9-520431AF7C3F}.Debug|Any CPU.ActiveCfg = Debug|Any CPU
		{F5826763-0163-41BA-8DC9-520431AF7C3F}.Debug|Any CPU.Build.0 = Debug|Any CPU
		{F5826763-0163-41BA-8DC9-520431AF7C3F}.Release|Any CPU.ActiveCfg = Release|Any CPU
		{F5826763-0163-41BA-8DC9-520431AF7C3F}.Release|Any CPU.Build.0 = Release|Any CPU
		{50FE9543-8F4E-4112-A24B-3D70297777D3}.Debug|Any CPU.ActiveCfg = Debug|Any CPU
		{50FE9543-8F4E-4112-A24B-3D70297777D3}.Debug|Any CPU.Build.0 = Debug|Any CPU
		{50FE9543-8F4E-4112-A24B-3D70297777D3}.Release|Any CPU.ActiveCfg = Release|Any CPU
		{50FE9543-8F4E-4112-A24B-3D70297777D3}.Release|Any CPU.Build.0 = Release|Any CPU
		{C6BC21CC-878B-4864-82DC-D59DA4ACC35D}.Debug|Any CPU.ActiveCfg = Debug|Any CPU
		{C6BC21CC-878B-4864-82DC-D59DA4ACC35D}.Debug|Any CPU.Build.0 = Debug|Any CPU
		{C6BC21CC-878B-4864-82DC-D59DA4ACC35D}.Release|Any CPU.ActiveCfg = Release|Any CPU
		{C6BC21CC-878B-4864-82DC-D59DA4ACC35D}.Release|Any CPU.Build.0 = Release|Any CPU
		{70D61035-3148-44DF-846A-85A88DE4A8C7}.Debug|Any CPU.ActiveCfg = Debug|Any CPU
		{70D61035-3148-44DF-846A-85A88DE4A8C7}.Debug|Any CPU.Build.0 = Debug|Any CPU
		{70D61035-3148-44DF-846A-85A88DE4A8C7}.Release|Any CPU.ActiveCfg = Release|Any CPU
		{70D61035-3148-44DF-846A-85A88DE4A8C7}.Release|Any CPU.Build.0 = Release|Any CPU
		{E18A1CF4-C47E-46B4-8FB9-CF34AA8C0035}.Debug|Any CPU.ActiveCfg = Debug|Any CPU
		{E18A1CF4-C47E-46B4-8FB9-CF34AA8C0035}.Debug|Any CPU.Build.0 = Debug|Any CPU
		{E18A1CF4-C47E-46B4-8FB9-CF34AA8C0035}.Release|Any CPU.ActiveCfg = Release|Any CPU
		{E18A1CF4-C47E-46B4-8FB9-CF34AA8C0035}.Release|Any CPU.Build.0 = Release|Any CPU
	EndGlobalSection
	GlobalSection(SolutionProperties) = preSolution
		HideSolutionNode = FALSE
	EndGlobalSection
	GlobalSection(NestedProjects) = preSolution
		{6366697E-063B-47EC-8450-7AF4E751AFE1} = {B89FDB6C-827C-4254-A9D0-67B63927D1FF}
		{ECE982D8-A445-466A-805B-952715E5947F} = {1020E2E6-E5CA-4E57-8FEE-C4C75B38243C}
		{14BAC9FD-4937-42B2-9A11-F777858EBDDA} = {947399F9-1D17-4E3C-8BC0-3D86DF73FD1F}
		{E4AB6D09-8102-412D-9DBD-ACFCE49BD031} = {D96C69E9-1B0C-49F3-AFCA-B47B7697EFB0}
		{F5826763-0163-41BA-8DC9-520431AF7C3F} = {0F2D6A8F-9285-46AC-A9C2-6B73EB5C37F5}
		{50FE9543-8F4E-4112-A24B-3D70297777D3} = {0F2D6A8F-9285-46AC-A9C2-6B73EB5C37F5}
		{C6BC21CC-878B-4864-82DC-D59DA4ACC35D} = {947399F9-1D17-4E3C-8BC0-3D86DF73FD1F}
		{70D61035-3148-44DF-846A-85A88DE4A8C7} = {1020E2E6-E5CA-4E57-8FEE-C4C75B38243C}
		{E18A1CF4-C47E-46B4-8FB9-CF34AA8C0035} = {947399F9-1D17-4E3C-8BC0-3D86DF73FD1F}
	EndGlobalSection
	GlobalSection(ExtensibilityGlobals) = postSolution
		SolutionGuid = {BAE22FE3-49A9-4B6C-84D8-11842E01C6D0}
	EndGlobalSection
EndGlobal
